PODS:
  - ACEDrawingView (2.2.1)
  - PopupDialog (0.6.2)

DEPENDENCIES:
  - ACEDrawingView
  - PopupDialog (~> 0.6)

SPEC CHECKSUMS:
  ACEDrawingView: fa6e8461682a54db3ac65151474fc77ef7e54fd2
  PopupDialog: d4336d7274a6aa3af4cb26d8b6691510eba90cc3

PODFILE CHECKSUM: dbb5c41906e418e5d18bdf0836d87145eb0eccd7

COCOAPODS: 1.3.1
